<?xml version="1.0" encoding="utf-8"?>
<Project ToolsVersion="4.0" xmlns="http://schemas.microsoft.com/developer/msbuild/2003">
  <ItemGroup>
    <ClCompile Include="PlayGameMode.cpp">
      <Filter>ContentsObject\GameMode</Filter>
    </ClCompile>
    <ClCompile Include="PreCompile.cpp">
      <Filter>PreCompile</Filter>
    </ClCompile>
    <ClCompile Include="EduContentsCore.cpp">
      <Filter>Core</Filter>
    </ClCompile>
    <ClCompile Include="EndGameMode.cpp">
      <Filter>ContentsObject\GameMode</Filter>
    </ClCompile>
    <ClCompile Include="TitleGameMode.cpp">
      <Filter>ContentsObject</Filter>
    </ClCompile>
    <ClCompile Include="Monster.cpp">
      <Filter>ContentsObject</Filter>
    </ClCompile>
    <ClCompile Include="Player.cpp">
      <Filter>ContentsObject</Filter>
    </ClCompile>
  </ItemGroup>
  <ItemGroup>
    <ClInclude Include="PlayGameMode.h">
      <Filter>ContentsObject\GameMode</Filter>
    </ClInclude>
    <ClInclude Include="PreCompile.h">
      <Filter>PreCompile</Filter>
    </ClInclude>
    <ClInclude Include="EduContentsCore.h">
      <Filter>Core</Filter>
    </ClInclude>
    <ClInclude Include="EndGameMode.h">
      <Filter>ContentsObject\GameMode</Filter>
    </ClInclude>
    <ClInclude Include="TitleGameMode.h">
      <Filter>ContentsObject</Filter>
    </ClInclude>
    <ClInclude Include="Monster.h">
      <Filter>ContentsObject</Filter>
    </ClInclude>
    <ClInclude Include="Player.h">
      <Filter>ContentsObject</Filter>
    </ClInclude>
  </ItemGroup>
  <ItemGroup>
    <Filter Include="Core">
      <UniqueIdentifier>{e64ff30b-aac1-450f-bd19-7bfbb1721129}</UniqueIdentifier>
    </Filter>
    <Filter Include="PreCompile">
      <UniqueIdentifier>{b4259974-663e-4ddd-92c7-edbc04596b92}</UniqueIdentifier>
    </Filter>
    <Filter Include="ContentsObject">
      <UniqueIdentifier>{7d69905a-f12b-4389-84f3-94c304a7afc9}</UniqueIdentifier>
    </Filter>
    <Filter Include="ContentsObject\GameMode">
      <UniqueIdentifier>{44a6d2fd-0227-4b77-a9f6-11dc56acf790}</UniqueIdentifier>
    </Filter>
  </ItemGroup>
</Project>