<?xml version="1.0" encoding="utf-8"?>
<Project ToolsVersion="4.0" xmlns="http://schemas.microsoft.com/developer/msbuild/2003">
  <ItemGroup>
    <ClCompile Include="PlayGameMode.cpp">
      <Filter>ContentsObject\GameMode</Filter>
    </ClCompile>
    <ClCompile Include="PreCompile.cpp">
      <Filter>PreCompile</Filter>
    </ClCompile>
    <ClCompile Include="BombmanCore.cpp">
      <Filter>Core</Filter>
    </ClCompile>
    <ClCompile Include="EndGameMode.cpp">
      <Filter>ContentsObject\GameMode</Filter>
    </ClCompile>
    <ClCompile Include="TitleGameMode.cpp">
      <Filter>ContentsObject\GameMode</Filter>
    </ClCompile>
    <ClCompile Include="Player.cpp">
      <Filter>ContentsObject\Global</Filter>
    </ClCompile>
    <ClCompile Include="Bomb.cpp">
      <Filter>ContentsObject\Play</Filter>
    </ClCompile>
    <ClCompile Include="Monster.cpp">
      <Filter>ContentsObject\Play</Filter>
    </ClCompile>
    <ClCompile Include="PlayMap.cpp">
      <Filter>ContentsObject\Play</Filter>
    </ClCompile>
    <ClCompile Include="TitleLogo.cpp">
      <Filter>ContentsObject\Title</Filter>
    </ClCompile>
    <ClCompile Include="ATileMap.cpp">
      <Filter>TileMap</Filter>
    </ClCompile>
    <ClCompile Include="TileMapGameMode.cpp">
      <Filter>ContentsObject\GameMode</Filter>
    </ClCompile>
    <ClCompile Include="ChooseStage.cpp">
      <Filter>ContentsObject\Title</Filter>
    </ClCompile>
    <ClCompile Include="Score.cpp">
      <Filter>ContentsObject\Global</Filter>
    </ClCompile>
    <ClCompile Include="TestMap.cpp">
      <Filter>TileMap</Filter>
    </ClCompile>
  </ItemGroup>
  <ItemGroup>
    <ClInclude Include="PlayGameMode.h">
      <Filter>ContentsObject\GameMode</Filter>
    </ClInclude>
    <ClInclude Include="PreCompile.h">
      <Filter>PreCompile</Filter>
    </ClInclude>
    <ClInclude Include="BombmanCore.h">
      <Filter>Core</Filter>
    </ClInclude>
    <ClInclude Include="EndGameMode.h">
      <Filter>ContentsObject\GameMode</Filter>
    </ClInclude>
    <ClInclude Include="TitleGameMode.h">
      <Filter>ContentsObject\GameMode</Filter>
    </ClInclude>
    <ClInclude Include="Player.h">
      <Filter>ContentsObject\Global</Filter>
    </ClInclude>
    <ClInclude Include="Bomb.h">
      <Filter>ContentsObject\Play</Filter>
    </ClInclude>
    <ClInclude Include="Monster.h">
      <Filter>ContentsObject\Play</Filter>
    </ClInclude>
    <ClInclude Include="PlayMap.h">
      <Filter>ContentsObject\Play</Filter>
    </ClInclude>
    <ClInclude Include="ContentsEnum.h">
      <Filter>Global</Filter>
    </ClInclude>
    <ClInclude Include="TitleLogo.h">
      <Filter>ContentsObject\Title</Filter>
    </ClInclude>
    <ClInclude Include="ATileMap.h">
      <Filter>TileMap</Filter>
    </ClInclude>
    <ClInclude Include="TileMapGameMode.h">
      <Filter>ContentsObject\GameMode</Filter>
    </ClInclude>
    <ClInclude Include="ChooseStage.h">
      <Filter>ContentsObject\Title</Filter>
    </ClInclude>
    <ClInclude Include="Score.h">
      <Filter>ContentsObject\Global</Filter>
    </ClInclude>
    <ClInclude Include="TestMap.h">
      <Filter>TileMap</Filter>
    </ClInclude>
  </ItemGroup>
  <ItemGroup>
    <Filter Include="Core">
      <UniqueIdentifier>{e64ff30b-aac1-450f-bd19-7bfbb1721129}</UniqueIdentifier>
    </Filter>
    <Filter Include="PreCompile">
      <UniqueIdentifier>{b4259974-663e-4ddd-92c7-edbc04596b92}</UniqueIdentifier>
    </Filter>
    <Filter Include="ContentsObject">
      <UniqueIdentifier>{7d69905a-f12b-4389-84f3-94c304a7afc9}</UniqueIdentifier>
    </Filter>
    <Filter Include="ContentsObject\GameMode">
      <UniqueIdentifier>{44a6d2fd-0227-4b77-a9f6-11dc56acf790}</UniqueIdentifier>
    </Filter>
    <Filter Include="ContentsObject\Global">
      <UniqueIdentifier>{4bfaef8e-daa6-4977-b974-e5b909f290db}</UniqueIdentifier>
    </Filter>
    <Filter Include="ContentsObject\Play">
      <UniqueIdentifier>{c4fac68f-60cc-4b9b-b7a2-3d2db87be598}</UniqueIdentifier>
    </Filter>
    <Filter Include="Global">
      <UniqueIdentifier>{e9fe401b-b121-409f-8edf-3cca141edcef}</UniqueIdentifier>
    </Filter>
    <Filter Include="ContentsObject\Title">
      <UniqueIdentifier>{77b34b9b-e690-42cc-b141-c3742844be4b}</UniqueIdentifier>
    </Filter>
    <Filter Include="TileMap">
      <UniqueIdentifier>{97059f21-d2fb-46a6-82eb-822464da6c1b}</UniqueIdentifier>
    </Filter>
  </ItemGroup>
</Project>