<?xml version="1.0" encoding="utf-8"?>
<Project ToolsVersion="4.0" xmlns="http://schemas.microsoft.com/developer/msbuild/2003">
  <ItemGroup>
    <ClCompile Include="EngineWindow.cpp" />
    <ClCompile Include="PreCompile.cpp" />
    <ClCompile Include="EngineInput.cpp">
      <Filter>Input</Filter>
    </ClCompile>
  </ItemGroup>
  <ItemGroup>
    <ClInclude Include="EngineWindow.h" />
    <ClInclude Include="PreCompile.h" />
    <ClInclude Include="EngineInput.h">
      <Filter>Input</Filter>
    </ClInclude>
  </ItemGroup>
  <ItemGroup>
    <Filter Include="Input">
      <UniqueIdentifier>{0b4edeb1-da05-449d-b3d9-168cde1aae6c}</UniqueIdentifier>
    </Filter>
  </ItemGroup>
</Project>